
Microsoft Visual Studio Solution File, Format Version 12.00
# Visual Studio Version 17
VisualStudioVersion = 17.9.34728.123
MinimumVisualStudioVersion = 10.0.40219.1
Project("{FAE04EC0-301F-11D3-BF4B-00C04F79EFBC}") = "ADO.NETDemo1", "ADO.NETDemo1\ADO.NETDemo1.csproj", "{06C69A2B-1D26-4D92-8D10-DA313B2DCC62}"
EndProject
Global
	GlobalSection(SolutionConfigurationPlatforms) = preSolution
		Debug|Any CPU = Debug|Any CPU
		Release|Any CPU = Release|Any CPU
	EndGlobalSection
	GlobalSection(ProjectConfigurationPlatforms) = postSolution
		{06C69A2B-1D26-4D92-8D10-DA313B2DCC62}.Debug|Any CPU.ActiveCfg = Debug|Any CPU
		{06C69A2B-1D26-4D92-8D10-DA313B2DCC62}.Debug|Any CPU.Build.0 = Debug|Any CPU
		{06C69A2B-1D26-4D92-8D10-DA313B2DCC62}.Release|Any CPU.ActiveCfg = Release|Any CPU
		{06C69A2B-1D26-4D92-8D10-DA313B2DCC62}.Release|Any CPU.Build.0 = Release|Any CPU
	EndGlobalSection
	GlobalSection(SolutionProperties) = preSolution
		HideSolutionNode = FALSE
	EndGlobalSection
	GlobalSection(ExtensibilityGlobals) = postSolution
		SolutionGuid = {4FFA3EFE-92A1-4508-BE45-8E85A09C260D}
	EndGlobalSection
EndGlobal
